{
    "_readme": [
        "This file locks the dependencies of your project to a known state",
        "Read more about it at https://getcomposer.org/doc/01-basic-usage.md#composer-lock-the-lock-file",
        "This file is @generated automatically"
    ],
    "hash": "f3505ccfbbfa684c0311c6f82c7b0785",
    "content-hash": "396d7cf0ec8d419eb3cfaf5149dc3bc8",
    "packages": [
        {
            "name": "cerdic/css-tidy",
            "version": "v1.5.5",
            "source": {
                "type": "git",
                "url": "https://github.com/Cerdic/CSSTidy.git",
                "reference": "b0c1bda3be5a35da44ba1ac28cc61c67d2ada465"
            },
            "dist": {
                "type": "zip",
                "url": "https://api.github.com/repos/Cerdic/CSSTidy/zipball/b0c1bda3be5a35da44ba1ac28cc61c67d2ada465",
                "reference": "b0c1bda3be5a35da44ba1ac28cc61c67d2ada465",
                "shasum": ""
            },
            "type": "library",
            "autoload": {
                "classmap": [
                    "."
                ]
            },
            "notification-url": "https://packagist.org/downloads/",
            "license": [
                "LGPL-2.1"
            ],
            "authors": [
                {
                    "name": "Cédric MORIN",
                    "email": "changeme@mailinator.com"
                }
            ],
            "description": "CSSTidy is a CSS minifier",
            "time": "2015-11-28 21:47:43"
        }
    ],
    "packages-dev": [
        {
            "name": "biblibre/omeka-s-test-helper",
            "version": "dev-master",
            "source": {
                "type": "git",
                "url": "https://github.com/biblibre/omeka-s-test-helper.git",
                "reference": "273de64af06e59c61f1d65c40cecca1c6d3ab873"
            },
            "dist": {
                "type": "zip",
                "url": "https://api.github.com/repos/biblibre/omeka-s-test-helper/zipball/273de64af06e59c61f1d65c40cecca1c6d3ab873",
                "reference": "273de64af06e59c61f1d65c40cecca1c6d3ab873",
                "shasum": ""
            },
            "require": {
                "php": ">=5.5.0"
            },
            "type": "library",
            "autoload": {
                "psr-4": {
                    "OmekaTestHelper\\": "src/"
                }
            },
            "notification-url": "https://packagist.org/downloads/",
            "license": [
                "MIT"
            ],
            "description": "Test helpers for Omeka S",
            "homepage": "https://github.com/biblibre/omeka-s-test-helper",
            "keywords": [
                "omeka",
                "test"
            ],
            "time": "2016-09-12 14:48:42"
        }
    ],
    "aliases": [],
    "minimum-stability": "stable",
    "stability-flags": {
        "biblibre/omeka-s-test-helper": 20
    },
    "prefer-stable": false,
    "prefer-lowest": false,
    "platform": [],
    "platform-dev": []
}
